
Microsoft Visual Studio Solution File, Format Version 12.00
# Visual Studio Version 16
VisualStudioVersion = 16.0.29806.167
MinimumVisualStudioVersion = 10.0.40219.1
Project("{9A19103F-16F7-4668-BE54-9A1E7A4F7556}") = "Integral", "Integral\Integral.csproj", "{6A50439C-3078-4175-A554-69E789B09EC2}"
EndProject
Project("{9A19103F-16F7-4668-BE54-9A1E7A4F7556}") = "IntegralTest", "IntegralTest\IntegralTest.csproj", "{E5266A65-C0D1-4DC7-9DE3-B36751CA4C19}"
	ProjectSection(ProjectDependencies) = postProject
		{6A50439C-3078-4175-A554-69E789B09EC2} = {6A50439C-3078-4175-A554-69E789B09EC2}
	EndProjectSection
EndProject
Global
	GlobalSection(SolutionConfigurationPlatforms) = preSolution
		Debug|Any CPU = Debug|Any CPU
		Release|Any CPU = Release|Any CPU
	EndGlobalSection
	GlobalSection(ProjectConfigurationPlatforms) = postSolution
		{6A50439C-3078-4175-A554-69E789B09EC2}.Debug|Any CPU.ActiveCfg = Debug|Any CPU
		{6A50439C-3078-4175-A554-69E789B09EC2}.Debug|Any CPU.Build.0 = Debug|Any CPU
		{6A50439C-3078-4175-A554-69E789B09EC2}.Release|Any CPU.ActiveCfg = Release|Any CPU
		{6A50439C-3078-4175-A554-69E789B09EC2}.Release|Any CPU.Build.0 = Release|Any CPU
		{E5266A65-C0D1-4DC7-9DE3-B36751CA4C19}.Debug|Any CPU.ActiveCfg = Debug|Any CPU
		{E5266A65-C0D1-4DC7-9DE3-B36751CA4C19}.Debug|Any CPU.Build.0 = Debug|Any CPU
		{E5266A65-C0D1-4DC7-9DE3-B36751CA4C19}.Release|Any CPU.ActiveCfg = Release|Any CPU
		{E5266A65-C0D1-4DC7-9DE3-B36751CA4C19}.Release|Any CPU.Build.0 = Release|Any CPU
	EndGlobalSection
	GlobalSection(SolutionProperties) = preSolution
		HideSolutionNode = FALSE
	EndGlobalSection
	GlobalSection(ExtensibilityGlobals) = postSolution
		SolutionGuid = {EFCC9B6A-B5DE-47D1-A57E-6EBA09E3CE6B}
	EndGlobalSection
EndGlobal
